
Microsoft Visual Studio Solution File, Format Version 12.00
# Visual Studio Version 16
VisualStudioVersion = 16.0.31129.286
MinimumVisualStudioVersion = 10.0.40219.1
Project("{FAE04EC0-301F-11D3-BF4B-00C04F79EFBC}") = "BasicProgramming", "BasicProgramming\BasicProgramming.csproj", "{FBE8375D-AA21-4A59-89EC-A84547D8A135}"
EndProject
Global
	GlobalSection(SolutionConfigurationPlatforms) = preSolution
		Debug|Any CPU = Debug|Any CPU
		Release|Any CPU = Release|Any CPU
	EndGlobalSection
	GlobalSection(ProjectConfigurationPlatforms) = postSolution
		{FBE8375D-AA21-4A59-89EC-A84547D8A135}.Debug|Any CPU.ActiveCfg = Debug|Any CPU
		{FBE8375D-AA21-4A59-89EC-A84547D8A135}.Debug|Any CPU.Build.0 = Debug|Any CPU
		{FBE8375D-AA21-4A59-89EC-A84547D8A135}.Release|Any CPU.ActiveCfg = Release|Any CPU
		{FBE8375D-AA21-4A59-89EC-A84547D8A135}.Release|Any CPU.Build.0 = Release|Any CPU
	EndGlobalSection
	GlobalSection(SolutionProperties) = preSolution
		HideSolutionNode = FALSE
	EndGlobalSection
	GlobalSection(ExtensibilityGlobals) = postSolution
		SolutionGuid = {23C08186-F801-4872-B599-0885FAEFBF8D}
	EndGlobalSection
EndGlobal
